{
  "object": {
    "pins": [
      {
        "package": "CombineExpectations",
        "repositoryURL": "https://github.com/groue/CombineExpectations.git",
        "state": {
          "branch": null,
          "revision": "04d4e4b21c9e8361925f03f64a7ecda89ef9974f",
          "version": "0.10.0"
        }
      },
      {
        "package": "swift-case-paths",
        "repositoryURL": "https://github.com/pointfreeco/swift-case-paths.git",
        "state": {
          "branch": null,
          "revision": "241301b67d8551c26d8f09bd2c0e52cc49f18007",
          "version": "0.8.0"
        }
      },
      {
        "package": "swiftui-navigation",
        "repositoryURL": "https://github.com/pointfreeco/swiftui-navigation",
        "state": {
          "branch": null,
          "revision": "2694c03284a368168b3e0b8d7ab52626802d2246",
          "version": "0.1.0"
        }
      }
    ]
  },
  "version": 1
}
