{
  "object": {
    "pins": [
      {
        "package": "CombineExpectations",
        "repositoryURL": "https://github.com/groue/CombineExpectations.git",
        "state": {
          "branch": null,
          "revision": "04d4e4b21c9e8361925f03f64a7ecda89ef9974f",
          "version": "0.10.0"
        }
      },
      {
        "package": "swift-case-paths",
        "repositoryURL": "https://github.com/pointfreeco/swift-case-paths.git",
        "state": {
          "branch": "main",
          "revision": "7346701ea29da0a85d4403cf3d7a589a58ae3dee",
          "version": null
        }
      },
      {
        "package": "swiftui-navigation",
        "repositoryURL": "https://github.com/pointfreeco/swiftui-navigation",
        "state": {
          "branch": "main",
          "revision": "51c7b145a721af4f4a336b96ce02b309038dd83c",
          "version": null
        }
      }
    ]
  },
  "version": 1
}
